
Microsoft Visual Studio Solution File, Format Version 12.00
# Visual Studio Version 16
VisualStudioVersion = 16.0.31729.503
MinimumVisualStudioVersion = 10.0.40219.1
Project("{FAE04EC0-301F-11D3-BF4B-00C04F79EFBC}") = "BasicLogical", "BasicLogical.csproj", "{CDB3BCC2-B26B-473E-B2F3-2670955A695A}"
EndProject
Global
	GlobalSection(SolutionConfigurationPlatforms) = preSolution
		Debug|Any CPU = Debug|Any CPU
		Release|Any CPU = Release|Any CPU
	EndGlobalSection
	GlobalSection(ProjectConfigurationPlatforms) = postSolution
		{CDB3BCC2-B26B-473E-B2F3-2670955A695A}.Debug|Any CPU.ActiveCfg = Debug|Any CPU
		{CDB3BCC2-B26B-473E-B2F3-2670955A695A}.Debug|Any CPU.Build.0 = Debug|Any CPU
		{CDB3BCC2-B26B-473E-B2F3-2670955A695A}.Release|Any CPU.ActiveCfg = Release|Any CPU
		{CDB3BCC2-B26B-473E-B2F3-2670955A695A}.Release|Any CPU.Build.0 = Release|Any CPU
	EndGlobalSection
	GlobalSection(SolutionProperties) = preSolution
		HideSolutionNode = FALSE
	EndGlobalSection
	GlobalSection(ExtensibilityGlobals) = postSolution
		SolutionGuid = {5CC59319-4A14-4DC6-84E6-B67F57889F0A}
	EndGlobalSection
EndGlobal
